// !$*UTF8*$!
{
	archiveVersion = 1;
	classes = {
	};
	objectVersion = 55;
	objects = {

/* Begin PBXBuildFile section */
		D40AF6E227F895A800AB30F2 /* HtmlParseTestView.swift in Sources */ = {isa = PBXBuildFile; fileRef = D40AF6E127F895A800AB30F2 /* HtmlParseTestView.swift */; };
		D438ADD327F0DE8D00D49726 /* GoogleService-Info.plist in Resources */ = {isa = PBXBuildFile; fileRef = D438ADD227F0DE8D00D49726 /* GoogleService-Info.plist */; };
		D438ADD627F0E3B800D49726 /* FirebaseAppDistribution-Beta in Frameworks */ = {isa = PBXBuildFile; productRef = D438ADD527F0E3B800D49726 /* FirebaseAppDistribution-Beta */; };
		D438ADD927F0F23A00D49726 /* FireBaseUtils.swift in Sources */ = {isa = PBXBuildFile; fileRef = D438ADD827F0F23A00D49726 /* FireBaseUtils.swift */; };
		D43F644B270777FA0084AF54 /* LoadingView.swift in Sources */ = {isa = PBXBuildFile; fileRef = D43F644A270777FA0084AF54 /* LoadingView.swift */; };
		D43F644E270785160084AF54 /* loader.json in Resources */ = {isa = PBXBuildFile; fileRef = D43F644D270785160084AF54 /* loader.json */; };
		D43F6451270785630084AF54 /* Lottie in Frameworks */ = {isa = PBXBuildFile; productRef = D43F6450270785630084AF54 /* Lottie */; };
		D43F6453270785C20084AF54 /* LottieView.swift in Sources */ = {isa = PBXBuildFile; fileRef = D43F6452270785C20084AF54 /* LottieView.swift */; };
		D43F64552707894A0084AF54 /* LottieLoadingView.swift in Sources */ = {isa = PBXBuildFile; fileRef = D43F64542707894A0084AF54 /* LottieLoadingView.swift */; };
		D47E419F26FDB4BD008E0286 /* ComicsApp.swift in Sources */ = {isa = PBXBuildFile; fileRef = D47E419E26FDB4BD008E0286 /* ComicsApp.swift */; };
		D47E41A126FDB4BD008E0286 /* ContentView.swift in Sources */ = {isa = PBXBuildFile; fileRef = D47E41A026FDB4BD008E0286 /* ContentView.swift */; };
		D47E41A326FDB4BF008E0286 /* Assets.xcassets in Resources */ = {isa = PBXBuildFile; fileRef = D47E41A226FDB4BF008E0286 /* Assets.xcassets */; };
		D47E41A626FDB4BF008E0286 /* Preview Assets.xcassets in Resources */ = {isa = PBXBuildFile; fileRef = D47E41A526FDB4BF008E0286 /* Preview Assets.xcassets */; };
		D47E41B026FDB4BF008E0286 /* ComicsTests.swift in Sources */ = {isa = PBXBuildFile; fileRef = D47E41AF26FDB4BF008E0286 /* ComicsTests.swift */; };
		D47E41BA26FDB4BF008E0286 /* ComicsUITests.swift in Sources */ = {isa = PBXBuildFile; fileRef = D47E41B926FDB4BF008E0286 /* ComicsUITests.swift */; };
		D47E41BC26FDB4BF008E0286 /* ComicsUITestsLaunchTests.swift in Sources */ = {isa = PBXBuildFile; fileRef = D47E41BB26FDB4BF008E0286 /* ComicsUITestsLaunchTests.swift */; };
		D47E41CC26FDD219008E0286 /* ComicsData.swift in Sources */ = {isa = PBXBuildFile; fileRef = D47E41CB26FDD219008E0286 /* ComicsData.swift */; };
		D47E41D126FDD86A008E0286 /* ComicsViewModel.swift in Sources */ = {isa = PBXBuildFile; fileRef = D47E41D026FDD86A008E0286 /* ComicsViewModel.swift */; };
		D47E41D426FDDFEF008E0286 /* SDWebImageSwiftUI in Frameworks */ = {isa = PBXBuildFile; productRef = D47E41D326FDDFEF008E0286 /* SDWebImageSwiftUI */; };
		D4EE44B527072F1F008CC523 /* RandomUrlModel.swift in Sources */ = {isa = PBXBuildFile; fileRef = D4EE44B427072F1F008CC523 /* RandomUrlModel.swift */; };
		D4EE44B827072F81008CC523 /* EndPoint.swift in Sources */ = {isa = PBXBuildFile; fileRef = D4EE44B727072F81008CC523 /* EndPoint.swift */; };
/* End PBXBuildFile section */

/* Begin PBXContainerItemProxy section */
		D47E41AC26FDB4BF008E0286 /* PBXContainerItemProxy */ = {
			isa = PBXContainerItemProxy;
			containerPortal = D47E419326FDB4BD008E0286 /* Project object */;
			proxyType = 1;
			remoteGlobalIDString = D47E419A26FDB4BD008E0286;
			remoteInfo = Comics;
		};
		D47E41B626FDB4BF008E0286 /* PBXContainerItemProxy */ = {
			isa = PBXContainerItemProxy;
			containerPortal = D47E419326FDB4BD008E0286 /* Project object */;
			proxyType = 1;
			remoteGlobalIDString = D47E419A26FDB4BD008E0286;
			remoteInfo = Comics;
		};
/* End PBXContainerItemProxy section */

/* Begin PBXFileReference section */
		D40AF6E127F895A800AB30F2 /* HtmlParseTestView.swift */ = {isa = PBXFileReference; lastKnownFileType = sourcecode.swift; path = HtmlParseTestView.swift; sourceTree = "<group>"; };
		D438ADD227F0DE8D00D49726 /* GoogleService-Info.plist */ = {isa = PBXFileReference; fileEncoding = 4; lastKnownFileType = text.plist.xml; path = "GoogleService-Info.plist"; sourceTree = "<group>"; };
		D438ADD827F0F23A00D49726 /* FireBaseUtils.swift */ = {isa = PBXFileReference; lastKnownFileType = sourcecode.swift; path = FireBaseUtils.swift; sourceTree = "<group>"; };
		D43F644A270777FA0084AF54 /* LoadingView.swift */ = {isa = PBXFileReference; lastKnownFileType = sourcecode.swift; path = LoadingView.swift; sourceTree = "<group>"; };
		D43F644D270785160084AF54 /* loader.json */ = {isa = PBXFileReference; fileEncoding = 4; lastKnownFileType = text.json; path = loader.json; sourceTree = "<group>"; };
		D43F6452270785C20084AF54 /* LottieView.swift */ = {isa = PBXFileReference; lastKnownFileType = sourcecode.swift; path = LottieView.swift; sourceTree = "<group>"; };
		D43F64542707894A0084AF54 /* LottieLoadingView.swift */ = {isa = PBXFileReference; lastKnownFileType = sourcecode.swift; path = LottieLoadingView.swift; sourceTree = "<group>"; };
		D47E419B26FDB4BD008E0286 /* Comics.app */ = {isa = PBXFileReference; explicitFileType = wrapper.application; includeInIndex = 0; path = Comics.app; sourceTree = BUILT_PRODUCTS_DIR; };
		D47E419E26FDB4BD008E0286 /* ComicsApp.swift */ = {isa = PBXFileReference; lastKnownFileType = sourcecode.swift; path = ComicsApp.swift; sourceTree = "<group>"; };
		D47E41A026FDB4BD008E0286 /* ContentView.swift */ = {isa = PBXFileReference; lastKnownFileType = sourcecode.swift; path = ContentView.swift; sourceTree = "<group>"; };
		D47E41A226FDB4BF008E0286 /* Assets.xcassets */ = {isa = PBXFileReference; lastKnownFileType = folder.assetcatalog; path = Assets.xcassets; sourceTree = "<group>"; };
		D47E41A526FDB4BF008E0286 /* Preview Assets.xcassets */ = {isa = PBXFileReference; lastKnownFileType = folder.assetcatalog; path = "Preview Assets.xcassets"; sourceTree = "<group>"; };
		D47E41AB26FDB4BF008E0286 /* ComicsTests.xctest */ = {isa = PBXFileReference; explicitFileType = wrapper.cfbundle; includeInIndex = 0; path = ComicsTests.xctest; sourceTree = BUILT_PRODUCTS_DIR; };
		D47E41AF26FDB4BF008E0286 /* ComicsTests.swift */ = {isa = PBXFileReference; lastKnownFileType = sourcecode.swift; path = ComicsTests.swift; sourceTree = "<group>"; };
		D47E41B526FDB4BF008E0286 /* ComicsUITests.xctest */ = {isa = PBXFileReference; explicitFileType = wrapper.cfbundle; includeInIndex = 0; path = ComicsUITests.xctest; sourceTree = BUILT_PRODUCTS_DIR; };
		D47E41B926FDB4BF008E0286 /* ComicsUITests.swift */ = {isa = PBXFileReference; lastKnownFileType = sourcecode.swift; path = ComicsUITests.swift; sourceTree = "<group>"; };
		D47E41BB26FDB4BF008E0286 /* ComicsUITestsLaunchTests.swift */ = {isa = PBXFileReference; lastKnownFileType = sourcecode.swift; path = ComicsUITestsLaunchTests.swift; sourceTree = "<group>"; };
		D47E41CB26FDD219008E0286 /* ComicsData.swift */ = {isa = PBXFileReference; lastKnownFileType = sourcecode.swift; path = ComicsData.swift; sourceTree = "<group>"; };
		D47E41D026FDD86A008E0286 /* ComicsViewModel.swift */ = {isa = PBXFileReference; lastKnownFileType = sourcecode.swift; path = ComicsViewModel.swift; sourceTree = "<group>"; };
		D4EE44B427072F1F008CC523 /* RandomUrlModel.swift */ = {isa = PBXFileReference; lastKnownFileType = sourcecode.swift; path = RandomUrlModel.swift; sourceTree = "<group>"; };
		D4EE44B727072F81008CC523 /* EndPoint.swift */ = {isa = PBXFileReference; lastKnownFileType = sourcecode.swift; path = EndPoint.swift; sourceTree = "<group>"; };
/* End PBXFileReference section */

/* Begin PBXFrameworksBuildPhase section */
		D47E419826FDB4BD008E0286 /* Frameworks */ = {
			isa = PBXFrameworksBuildPhase;
			buildActionMask = 2147483647;
			files = (
				D47E41D426FDDFEF008E0286 /* SDWebImageSwiftUI in Frameworks */,
				D43F6451270785630084AF54 /* Lottie in Frameworks */,
				D438ADD627F0E3B800D49726 /* FirebaseAppDistribution-Beta in Frameworks */,
			);
			runOnlyForDeploymentPostprocessing = 0;
		};
		D47E41A826FDB4BF008E0286 /* Frameworks */ = {
			isa = PBXFrameworksBuildPhase;
			buildActionMask = 2147483647;
			files = (
			);
			runOnlyForDeploymentPostprocessing = 0;
		};
		D47E41B226FDB4BF008E0286 /* Frameworks */ = {
			isa = PBXFrameworksBuildPhase;
			buildActionMask = 2147483647;
			files = (
			);
			runOnlyForDeploymentPostprocessing = 0;
		};
/* End PBXFrameworksBuildPhase section */

/* Begin PBXGroup section */
		D438ADD727F0F20C00D49726 /* FireBase */ = {
			isa = PBXGroup;
			children = (
				D438ADD827F0F23A00D49726 /* FireBaseUtils.swift */,
			);
			path = FireBase;
			sourceTree = "<group>";
		};
		D43F644C270784DD0084AF54 /* Lottie */ = {
			isa = PBXGroup;
			children = (
				D43F644D270785160084AF54 /* loader.json */,
			);
			path = Lottie;
			sourceTree = "<group>";
		};
		D47E419226FDB4BD008E0286 = {
			isa = PBXGroup;
			children = (
				D438ADD227F0DE8D00D49726 /* GoogleService-Info.plist */,
				D47E419D26FDB4BD008E0286 /* Comics */,
				D47E41AE26FDB4BF008E0286 /* ComicsTests */,
				D47E41B826FDB4BF008E0286 /* ComicsUITests */,
				D47E419C26FDB4BD008E0286 /* Products */,
				D4CEC5D02805DB6D00F1BF7C /* Frameworks */,
			);
			sourceTree = "<group>";
		};
		D47E419C26FDB4BD008E0286 /* Products */ = {
			isa = PBXGroup;
			children = (
				D47E419B26FDB4BD008E0286 /* Comics.app */,
				D47E41AB26FDB4BF008E0286 /* ComicsTests.xctest */,
				D47E41B526FDB4BF008E0286 /* ComicsUITests.xctest */,
			);
			name = Products;
			sourceTree = "<group>";
		};
		D47E419D26FDB4BD008E0286 /* Comics */ = {
			isa = PBXGroup;
			children = (
				D47E41CA26FDD0DC008E0286 /* ViewModel */,
				D47E41C926FDD0D6008E0286 /* Model */,
				D47E41C826FDD0CF008E0286 /* View */,
				D47E419E26FDB4BD008E0286 /* ComicsApp.swift */,
				D438ADD727F0F20C00D49726 /* FireBase */,
				D4EE44B627072F65008CC523 /* DataService */,
				D47E41A226FDB4BF008E0286 /* Assets.xcassets */,
				D43F644C270784DD0084AF54 /* Lottie */,
				D47E41A426FDB4BF008E0286 /* Preview Content */,
			);
			path = Comics;
			sourceTree = "<group>";
		};
		D47E41A426FDB4BF008E0286 /* Preview Content */ = {
			isa = PBXGroup;
			children = (
				D47E41A526FDB4BF008E0286 /* Preview Assets.xcassets */,
			);
			path = "Preview Content";
			sourceTree = "<group>";
		};
		D47E41AE26FDB4BF008E0286 /* ComicsTests */ = {
			isa = PBXGroup;
			children = (
				D47E41AF26FDB4BF008E0286 /* ComicsTests.swift */,
			);
			path = ComicsTests;
			sourceTree = "<group>";
		};
		D47E41B826FDB4BF008E0286 /* ComicsUITests */ = {
			isa = PBXGroup;
			children = (
				D47E41B926FDB4BF008E0286 /* ComicsUITests.swift */,
				D47E41BB26FDB4BF008E0286 /* ComicsUITestsLaunchTests.swift */,
			);
			path = ComicsUITests;
			sourceTree = "<group>";
		};
		D47E41C826FDD0CF008E0286 /* View */ = {
			isa = PBXGroup;
			children = (
				D47E41A026FDB4BD008E0286 /* ContentView.swift */,
				D43F644A270777FA0084AF54 /* LoadingView.swift */,
				D43F6452270785C20084AF54 /* LottieView.swift */,
				D43F64542707894A0084AF54 /* LottieLoadingView.swift */,
				D40AF6E127F895A800AB30F2 /* HtmlParseTestView.swift */,
			);
			path = View;
			sourceTree = "<group>";
		};
		D47E41C926FDD0D6008E0286 /* Model */ = {
			isa = PBXGroup;
			children = (
				D47E41CB26FDD219008E0286 /* ComicsData.swift */,
				D4EE44B427072F1F008CC523 /* RandomUrlModel.swift */,
			);
			path = Model;
			sourceTree = "<group>";
		};
		D47E41CA26FDD0DC008E0286 /* ViewModel */ = {
			isa = PBXGroup;
			children = (
				D47E41D026FDD86A008E0286 /* ComicsViewModel.swift */,
			);
			path = ViewModel;
			sourceTree = "<group>";
		};
		D4CEC5D02805DB6D00F1BF7C /* Frameworks */ = {
			isa = PBXGroup;
			children = (
			);
			name = Frameworks;
			sourceTree = "<group>";
		};
		D4EE44B627072F65008CC523 /* DataService */ = {
			isa = PBXGroup;
			children = (
				D4EE44B727072F81008CC523 /* EndPoint.swift */,
			);
			path = DataService;
			sourceTree = "<group>";
		};
/* End PBXGroup section */

/* Begin PBXNativeTarget section */
		D47E419A26FDB4BD008E0286 /* Comics */ = {
			isa = PBXNativeTarget;
			buildConfigurationList = D47E41BF26FDB4BF008E0286 /* Build configuration list for PBXNativeTarget "Comics" */;
			buildPhases = (
				D47E419726FDB4BD008E0286 /* Sources */,
				D47E419826FDB4BD008E0286 /* Frameworks */,
				D47E419926FDB4BD008E0286 /* Resources */,
			);
			buildRules = (
			);
			dependencies = (
			);
			name = Comics;
			packageProductDependencies = (
				D47E41D326FDDFEF008E0286 /* SDWebImageSwiftUI */,
				D43F6450270785630084AF54 /* Lottie */,
				D438ADD527F0E3B800D49726 /* FirebaseAppDistribution-Beta */,
			);
			productName = Comics;
			productReference = D47E419B26FDB4BD008E0286 /* Comics.app */;
			productType = "com.apple.product-type.application";
		};
		D47E41AA26FDB4BF008E0286 /* ComicsTests */ = {
			isa = PBXNativeTarget;
			buildConfigurationList = D47E41C226FDB4BF008E0286 /* Build configuration list for PBXNativeTarget "ComicsTests" */;
			buildPhases = (
				D47E41A726FDB4BF008E0286 /* Sources */,
				D47E41A826FDB4BF008E0286 /* Frameworks */,
				D47E41A926FDB4BF008E0286 /* Resources */,
			);
			buildRules = (
			);
			dependencies = (
				D47E41AD26FDB4BF008E0286 /* PBXTargetDependency */,
			);
			name = ComicsTests;
			productName = ComicsTests;
			productReference = D47E41AB26FDB4BF008E0286 /* ComicsTests.xctest */;
			productType = "com.apple.product-type.bundle.unit-test";
		};
		D47E41B426FDB4BF008E0286 /* ComicsUITests */ = {
			isa = PBXNativeTarget;
			buildConfigurationList = D47E41C526FDB4BF008E0286 /* Build configuration list for PBXNativeTarget "ComicsUITests" */;
			buildPhases = (
				D47E41B126FDB4BF008E0286 /* Sources */,
				D47E41B226FDB4BF008E0286 /* Frameworks */,
				D47E41B326FDB4BF008E0286 /* Resources */,
			);
			buildRules = (
			);
			dependencies = (
				D47E41B726FDB4BF008E0286 /* PBXTargetDependency */,
			);
			name = ComicsUITests;
			productName = ComicsUITests;
			productReference = D47E41B526FDB4BF008E0286 /* ComicsUITests.xctest */;
			productType = "com.apple.product-type.bundle.ui-testing";
		};
/* End PBXNativeTarget section */

/* Begin PBXProject section */
		D47E419326FDB4BD008E0286 /* Project object */ = {
			isa = PBXProject;
			attributes = {
				BuildIndependentTargetsInParallel = 1;
				LastSwiftUpdateCheck = 1300;
				LastUpgradeCheck = 1300;
				TargetAttributes = {
					D47E419A26FDB4BD008E0286 = {
						CreatedOnToolsVersion = 13.0;
					};
					D47E41AA26FDB4BF008E0286 = {
						CreatedOnToolsVersion = 13.0;
						TestTargetID = D47E419A26FDB4BD008E0286;
					};
					D47E41B426FDB4BF008E0286 = {
						CreatedOnToolsVersion = 13.0;
						TestTargetID = D47E419A26FDB4BD008E0286;
					};
				};
			};
			buildConfigurationList = D47E419626FDB4BD008E0286 /* Build configuration list for PBXProject "Comics" */;
			compatibilityVersion = "Xcode 13.0";
			developmentRegion = en;
			hasScannedForEncodings = 0;
			knownRegions = (
				en,
				Base,
			);
			mainGroup = D47E419226FDB4BD008E0286;
			packageReferences = (
				D47E41D226FDDFEF008E0286 /* XCRemoteSwiftPackageReference "SDWebImageSwiftUI" */,
				D43F644F270785630084AF54 /* XCRemoteSwiftPackageReference "lottie-ios" */,
				D438ADD427F0E3B800D49726 /* XCRemoteSwiftPackageReference "firebase-ios-sdk" */,
			);
			productRefGroup = D47E419C26FDB4BD008E0286 /* Products */;
			projectDirPath = "";
			projectRoot = "";
			targets = (
				D47E419A26FDB4BD008E0286 /* Comics */,
				D47E41AA26FDB4BF008E0286 /* ComicsTests */,
				D47E41B426FDB4BF008E0286 /* ComicsUITests */,
			);
		};
/* End PBXProject section */

/* Begin PBXResourcesBuildPhase section */
		D47E419926FDB4BD008E0286 /* Resources */ = {
			isa = PBXResourcesBuildPhase;
			buildActionMask = 2147483647;
			files = (
				D43F644E270785160084AF54 /* loader.json in Resources */,
				D438ADD327F0DE8D00D49726 /* GoogleService-Info.plist in Resources */,
				D47E41A626FDB4BF008E0286 /* Preview Assets.xcassets in Resources */,
				D47E41A326FDB4BF008E0286 /* Assets.xcassets in Resources */,
			);
			runOnlyForDeploymentPostprocessing = 0;
		};
		D47E41A926FDB4BF008E0286 /* Resources */ = {
			isa = PBXResourcesBuildPhase;
			buildActionMask = 2147483647;
			files = (
			);
			runOnlyForDeploymentPostprocessing = 0;
		};
		D47E41B326FDB4BF008E0286 /* Resources */ = {
			isa = PBXResourcesBuildPhase;
			buildActionMask = 2147483647;
			files = (
			);
			runOnlyForDeploymentPostprocessing = 0;
		};
/* End PBXResourcesBuildPhase section */

/* Begin PBXSourcesBuildPhase section */
		D47E419726FDB4BD008E0286 /* Sources */ = {
			isa = PBXSourcesBuildPhase;
			buildActionMask = 2147483647;
			files = (
				D4EE44B827072F81008CC523 /* EndPoint.swift in Sources */,
				D4EE44B527072F1F008CC523 /* RandomUrlModel.swift in Sources */,
				D47E41CC26FDD219008E0286 /* ComicsData.swift in Sources */,
				D40AF6E227F895A800AB30F2 /* HtmlParseTestView.swift in Sources */,
				D47E41D126FDD86A008E0286 /* ComicsViewModel.swift in Sources */,
				D438ADD927F0F23A00D49726 /* FireBaseUtils.swift in Sources */,
				D47E41A126FDB4BD008E0286 /* ContentView.swift in Sources */,
				D43F644B270777FA0084AF54 /* LoadingView.swift in Sources */,
				D47E419F26FDB4BD008E0286 /* ComicsApp.swift in Sources */,
				D43F64552707894A0084AF54 /* LottieLoadingView.swift in Sources */,
				D43F6453270785C20084AF54 /* LottieView.swift in Sources */,
			);
			runOnlyForDeploymentPostprocessing = 0;
		};
		D47E41A726FDB4BF008E0286 /* Sources */ = {
			isa = PBXSourcesBuildPhase;
			buildActionMask = 2147483647;
			files = (
				D47E41B026FDB4BF008E0286 /* ComicsTests.swift in Sources */,
			);
			runOnlyForDeploymentPostprocessing = 0;
		};
		D47E41B126FDB4BF008E0286 /* Sources */ = {
			isa = PBXSourcesBuildPhase;
			buildActionMask = 2147483647;
			files = (
				D47E41BC26FDB4BF008E0286 /* ComicsUITestsLaunchTests.swift in Sources */,
				D47E41BA26FDB4BF008E0286 /* ComicsUITests.swift in Sources */,
			);
			runOnlyForDeploymentPostprocessing = 0;
		};
/* End PBXSourcesBuildPhase section */

/* Begin PBXTargetDependency section */
		D47E41AD26FDB4BF008E0286 /* PBXTargetDependency */ = {
			isa = PBXTargetDependency;
			target = D47E419A26FDB4BD008E0286 /* Comics */;
			targetProxy = D47E41AC26FDB4BF008E0286 /* PBXContainerItemProxy */;
		};
		D47E41B726FDB4BF008E0286 /* PBXTargetDependency */ = {
			isa = PBXTargetDependency;
			target = D47E419A26FDB4BD008E0286 /* Comics */;
			targetProxy = D47E41B626FDB4BF008E0286 /* PBXContainerItemProxy */;
		};
/* End PBXTargetDependency section */

/* Begin XCBuildConfiguration section */
		D47E41BD26FDB4BF008E0286 /* Debug */ = {
			isa = XCBuildConfiguration;
			buildSettings = {
				ALWAYS_SEARCH_USER_PATHS = NO;
				CLANG_ANALYZER_NONNULL = YES;
				CLANG_ANALYZER_NUMBER_OBJECT_CONVERSION = YES_AGGRESSIVE;
				CLANG_CXX_LANGUAGE_STANDARD = "gnu++17";
				CLANG_CXX_LIBRARY = "libc++";
				CLANG_ENABLE_MODULES = YES;
				CLANG_ENABLE_OBJC_ARC = YES;
				CLANG_ENABLE_OBJC_WEAK = YES;
				CLANG_WARN_BLOCK_CAPTURE_AUTORELEASING = YES;
				CLANG_WARN_BOOL_CONVERSION = YES;
				CLANG_WARN_COMMA = YES;
				CLANG_WARN_CONSTANT_CONVERSION = YES;
				CLANG_WARN_DEPRECATED_OBJC_IMPLEMENTATIONS = YES;
				CLANG_WARN_DIRECT_OBJC_ISA_USAGE = YES_ERROR;
				CLANG_WARN_DOCUMENTATION_COMMENTS = YES;
				CLANG_WARN_EMPTY_BODY = YES;
				CLANG_WARN_ENUM_CONVERSION = YES;
				CLANG_WARN_INFINITE_RECURSION = YES;
				CLANG_WARN_INT_CONVERSION = YES;
				CLANG_WARN_NON_LITERAL_NULL_CONVERSION = YES;
				CLANG_WARN_OBJC_IMPLICIT_RETAIN_SELF = YES;
				CLANG_WARN_OBJC_LITERAL_CONVERSION = YES;
				CLANG_WARN_OBJC_ROOT_CLASS = YES_ERROR;
				CLANG_WARN_QUOTED_INCLUDE_IN_FRAMEWORK_HEADER = YES;
				CLANG_WARN_RANGE_LOOP_ANALYSIS = YES;
				CLANG_WARN_STRICT_PROTOTYPES = YES;
				CLANG_WARN_SUSPICIOUS_MOVE = YES;
				CLANG_WARN_UNGUARDED_AVAILABILITY = YES_AGGRESSIVE;
				CLANG_WARN_UNREACHABLE_CODE = YES;
				CLANG_WARN__DUPLICATE_METHOD_MATCH = YES;
				COPY_PHASE_STRIP = NO;
				DEBUG_INFORMATION_FORMAT = dwarf;
				ENABLE_STRICT_OBJC_MSGSEND = YES;
				ENABLE_TESTABILITY = YES;
				GCC_C_LANGUAGE_STANDARD = gnu11;
				GCC_DYNAMIC_NO_PIC = NO;
				GCC_NO_COMMON_BLOCKS = YES;
				GCC_OPTIMIZATION_LEVEL = 0;
				GCC_PREPROCESSOR_DEFINITIONS = (
					"DEBUG=1",
					"$(inherited)",
				);
				GCC_WARN_64_TO_32_BIT_CONVERSION = YES;
				GCC_WARN_ABOUT_RETURN_TYPE = YES_ERROR;
				GCC_WARN_UNDECLARED_SELECTOR = YES;
				GCC_WARN_UNINITIALIZED_AUTOS = YES_AGGRESSIVE;
				GCC_WARN_UNUSED_FUNCTION = YES;
				GCC_WARN_UNUSED_VARIABLE = YES;
				IPHONEOS_DEPLOYMENT_TARGET = 15.0;
				MTL_ENABLE_DEBUG_INFO = INCLUDE_SOURCE;
				MTL_FAST_MATH = YES;
				ONLY_ACTIVE_ARCH = YES;
				SDKROOT = iphoneos;
				SWIFT_ACTIVE_COMPILATION_CONDITIONS = DEBUG;
				SWIFT_OPTIMIZATION_LEVEL = "-Onone";
			};
			name = Debug;
		};
		D47E41BE26FDB4BF008E0286 /* Release */ = {
			isa = XCBuildConfiguration;
			buildSettings = {
				ALWAYS_SEARCH_USER_PATHS = NO;
				CLANG_ANALYZER_NONNULL = YES;
				CLANG_ANALYZER_NUMBER_OBJECT_CONVERSION = YES_AGGRESSIVE;
				CLANG_CXX_LANGUAGE_STANDARD = "gnu++17";
				CLANG_CXX_LIBRARY = "libc++";
				CLANG_ENABLE_MODULES = YES;
				CLANG_ENABLE_OBJC_ARC = YES;
				CLANG_ENABLE_OBJC_WEAK = YES;
				CLANG_WARN_BLOCK_CAPTURE_AUTORELEASING = YES;
				CLANG_WARN_BOOL_CONVERSION = YES;
				CLANG_WARN_COMMA = YES;
				CLANG_WARN_CONSTANT_CONVERSION = YES;
				CLANG_WARN_DEPRECATED_OBJC_IMPLEMENTATIONS = YES;
				CLANG_WARN_DIRECT_OBJC_ISA_USAGE = YES_ERROR;
				CLANG_WARN_DOCUMENTATION_COMMENTS = YES;
				CLANG_WARN_EMPTY_BODY = YES;
				CLANG_WARN_ENUM_CONVERSION = YES;
				CLANG_WARN_INFINITE_RECURSION = YES;
				CLANG_WARN_INT_CONVERSION = YES;
				CLANG_WARN_NON_LITERAL_NULL_CONVERSION = YES;
				CLANG_WARN_OBJC_IMPLICIT_RETAIN_SELF = YES;
				CLANG_WARN_OBJC_LITERAL_CONVERSION = YES;
				CLANG_WARN_OBJC_ROOT_CLASS = YES_ERROR;
				CLANG_WARN_QUOTED_INCLUDE_IN_FRAMEWORK_HEADER = YES;
				CLANG_WARN_RANGE_LOOP_ANALYSIS = YES;
				CLANG_WARN_STRICT_PROTOTYPES = YES;
				CLANG_WARN_SUSPICIOUS_MOVE = YES;
				CLANG_WARN_UNGUARDED_AVAILABILITY = YES_AGGRESSIVE;
				CLANG_WARN_UNREACHABLE_CODE = YES;
				CLANG_WARN__DUPLICATE_METHOD_MATCH = YES;
				COPY_PHASE_STRIP = NO;
				DEBUG_INFORMATION_FORMAT = "dwarf-with-dsym";
				ENABLE_NS_ASSERTIONS = NO;
				ENABLE_STRICT_OBJC_MSGSEND = YES;
				GCC_C_LANGUAGE_STANDARD = gnu11;
				GCC_NO_COMMON_BLOCKS = YES;
				GCC_WARN_64_TO_32_BIT_CONVERSION = YES;
				GCC_WARN_ABOUT_RETURN_TYPE = YES_ERROR;
				GCC_WARN_UNDECLARED_SELECTOR = YES;
				GCC_WARN_UNINITIALIZED_AUTOS = YES_AGGRESSIVE;
				GCC_WARN_UNUSED_FUNCTION = YES;
				GCC_WARN_UNUSED_VARIABLE = YES;
				IPHONEOS_DEPLOYMENT_TARGET = 15.0;
				MTL_ENABLE_DEBUG_INFO = NO;
				MTL_FAST_MATH = YES;
				SDKROOT = iphoneos;
				SWIFT_COMPILATION_MODE = wholemodule;
				SWIFT_OPTIMIZATION_LEVEL = "-O";
				VALIDATE_PRODUCT = YES;
			};
			name = Release;
		};
		D47E41C026FDB4BF008E0286 /* Debug */ = {
			isa = XCBuildConfiguration;
			buildSettings = {
				ASSETCATALOG_COMPILER_APPICON_NAME = AppIcon;
				ASSETCATALOG_COMPILER_GLOBAL_ACCENT_COLOR_NAME = AccentColor;
				CODE_SIGN_IDENTITY = "Apple Development";
				CODE_SIGN_STYLE = Automatic;
				CURRENT_PROJECT_VERSION = 1;
				DEVELOPMENT_ASSET_PATHS = "\"Comics/Preview Content\"";
				DEVELOPMENT_TEAM = 5M25AF53JX;
				ENABLE_PREVIEWS = YES;
				GENERATE_INFOPLIST_FILE = YES;
				INFOPLIST_KEY_UIApplicationSceneManifest_Generation = YES;
				INFOPLIST_KEY_UIApplicationSupportsIndirectInputEvents = YES;
				INFOPLIST_KEY_UILaunchScreen_Generation = YES;
				INFOPLIST_KEY_UISupportedInterfaceOrientations_iPad = "UIInterfaceOrientationPortrait UIInterfaceOrientationPortraitUpsideDown UIInterfaceOrientationLandscapeLeft UIInterfaceOrientationLandscapeRight";
				INFOPLIST_KEY_UISupportedInterfaceOrientations_iPhone = "UIInterfaceOrientationPortrait UIInterfaceOrientationLandscapeLeft UIInterfaceOrientationLandscapeRight";
				IPHONEOS_DEPLOYMENT_TARGET = 14.0;
				LD_RUNPATH_SEARCH_PATHS = (
					"$(inherited)",
					"@executable_path/Frameworks",
				);
				MARKETING_VERSION = 1.0;
				PRODUCT_BUNDLE_IDENTIFIER = com.joeyc.Comics;
				PRODUCT_NAME = "$(TARGET_NAME)";
				PROVISIONING_PROFILE_SPECIFIER = "";
				SWIFT_EMIT_LOC_STRINGS = YES;
				SWIFT_VERSION = 5.0;
				TARGETED_DEVICE_FAMILY = "1,2";
			};
			name = Debug;
		};
		D47E41C126FDB4BF008E0286 /* Release */ = {
			isa = XCBuildConfiguration;
			buildSettings = {
				ASSETCATALOG_COMPILER_APPICON_NAME = AppIcon;
				ASSETCATALOG_COMPILER_GLOBAL_ACCENT_COLOR_NAME = AccentColor;
				CODE_SIGN_IDENTITY = "Apple Development";
				CODE_SIGN_STYLE = Automatic;
				CURRENT_PROJECT_VERSION = 1;
				DEVELOPMENT_ASSET_PATHS = "\"Comics/Preview Content\"";
				DEVELOPMENT_TEAM = 5M25AF53JX;
				ENABLE_PREVIEWS = YES;
				GENERATE_INFOPLIST_FILE = YES;
				INFOPLIST_KEY_UIApplicationSceneManifest_Generation = YES;
				INFOPLIST_KEY_UIApplicationSupportsIndirectInputEvents = YES;
				INFOPLIST_KEY_UILaunchScreen_Generation = YES;
				INFOPLIST_KEY_UISupportedInterfaceOrientations_iPad = "UIInterfaceOrientationPortrait UIInterfaceOrientationPortraitUpsideDown UIInterfaceOrientationLandscapeLeft UIInterfaceOrientationLandscapeRight";
				INFOPLIST_KEY_UISupportedInterfaceOrientations_iPhone = "UIInterfaceOrientationPortrait UIInterfaceOrientationLandscapeLeft UIInterfaceOrientationLandscapeRight";
				IPHONEOS_DEPLOYMENT_TARGET = 14.0;
				LD_RUNPATH_SEARCH_PATHS = (
					"$(inherited)",
					"@executable_path/Frameworks",
				);
				MARKETING_VERSION = 1.0;
				PRODUCT_BUNDLE_IDENTIFIER = com.joeyc.Comics;
				PRODUCT_NAME = "$(TARGET_NAME)";
				PROVISIONING_PROFILE_SPECIFIER = "";
				SWIFT_EMIT_LOC_STRINGS = YES;
				SWIFT_VERSION = 5.0;
				TARGETED_DEVICE_FAMILY = "1,2";
			};
			name = Release;
		};
		D47E41C326FDB4BF008E0286 /* Debug */ = {
			isa = XCBuildConfiguration;
			buildSettings = {
				ALWAYS_EMBED_SWIFT_STANDARD_LIBRARIES = YES;
				BUNDLE_LOADER = "$(TEST_HOST)";
				CODE_SIGN_STYLE = Automatic;
				CURRENT_PROJECT_VERSION = 1;
				DEVELOPMENT_TEAM = 5M25AF53JX;
				GENERATE_INFOPLIST_FILE = YES;
				IPHONEOS_DEPLOYMENT_TARGET = 14.0;
				LD_RUNPATH_SEARCH_PATHS = (
					"$(inherited)",
					"@executable_path/Frameworks",
					"@loader_path/Frameworks",
				);
				MARKETING_VERSION = 1.0;
				PRODUCT_BUNDLE_IDENTIFIER = com.joeyc.ComicsTests;
				PRODUCT_NAME = "$(TARGET_NAME)";
				SWIFT_EMIT_LOC_STRINGS = NO;
				SWIFT_VERSION = 5.0;
				TARGETED_DEVICE_FAMILY = "1,2";
				TEST_HOST = "$(BUILT_PRODUCTS_DIR)/Comics.app/Comics";
			};
			name = Debug;
		};
		D47E41C426FDB4BF008E0286 /* Release */ = {
			isa = XCBuildConfiguration;
			buildSettings = {
				ALWAYS_EMBED_SWIFT_STANDARD_LIBRARIES = YES;
				BUNDLE_LOADER = "$(TEST_HOST)";
				CODE_SIGN_STYLE = Automatic;
				CURRENT_PROJECT_VERSION = 1;
				DEVELOPMENT_TEAM = 5M25AF53JX;
				GENERATE_INFOPLIST_FILE = YES;
				IPHONEOS_DEPLOYMENT_TARGET = 14.0;
				LD_RUNPATH_SEARCH_PATHS = (
					"$(inherited)",
					"@executable_path/Frameworks",
					"@loader_path/Frameworks",
				);
				MARKETING_VERSION = 1.0;
				PRODUCT_BUNDLE_IDENTIFIER = com.joeyc.ComicsTests;
				PRODUCT_NAME = "$(TARGET_NAME)";
				SWIFT_EMIT_LOC_STRINGS = NO;
				SWIFT_VERSION = 5.0;
				TARGETED_DEVICE_FAMILY = "1,2";
				TEST_HOST = "$(BUILT_PRODUCTS_DIR)/Comics.app/Comics";
			};
			name = Release;
		};
		D47E41C626FDB4BF008E0286 /* Debug */ = {
			isa = XCBuildConfiguration;
			buildSettings = {
				ALWAYS_EMBED_SWIFT_STANDARD_LIBRARIES = YES;
				CODE_SIGN_STYLE = Automatic;
				CURRENT_PROJECT_VERSION = 1;
				DEVELOPMENT_TEAM = 5M25AF53JX;
				GENERATE_INFOPLIST_FILE = YES;
				LD_RUNPATH_SEARCH_PATHS = (
					"$(inherited)",
					"@executable_path/Frameworks",
					"@loader_path/Frameworks",
				);
				MARKETING_VERSION = 1.0;
				PRODUCT_BUNDLE_IDENTIFIER = com.joeyc.ComicsUITests;
				PRODUCT_NAME = "$(TARGET_NAME)";
				SWIFT_EMIT_LOC_STRINGS = NO;
				SWIFT_VERSION = 5.0;
				TARGETED_DEVICE_FAMILY = "1,2";
				TEST_TARGET_NAME = Comics;
			};
			name = Debug;
		};
		D47E41C726FDB4BF008E0286 /* Release */ = {
			isa = XCBuildConfiguration;
			buildSettings = {
				ALWAYS_EMBED_SWIFT_STANDARD_LIBRARIES = YES;
				CODE_SIGN_STYLE = Automatic;
				CURRENT_PROJECT_VERSION = 1;
				DEVELOPMENT_TEAM = 5M25AF53JX;
				GENERATE_INFOPLIST_FILE = YES;
				LD_RUNPATH_SEARCH_PATHS = (
					"$(inherited)",
					"@executable_path/Frameworks",
					"@loader_path/Frameworks",
				);
				MARKETING_VERSION = 1.0;
				PRODUCT_BUNDLE_IDENTIFIER = com.joeyc.ComicsUITests;
				PRODUCT_NAME = "$(TARGET_NAME)";
				SWIFT_EMIT_LOC_STRINGS = NO;
				SWIFT_VERSION = 5.0;
				TARGETED_DEVICE_FAMILY = "1,2";
				TEST_TARGET_NAME = Comics;
			};
			name = Release;
		};
/* End XCBuildConfiguration section */

/* Begin XCConfigurationList section */
		D47E419626FDB4BD008E0286 /* Build configuration list for PBXProject "Comics" */ = {
			isa = XCConfigurationList;
			buildConfigurations = (
				D47E41BD26FDB4BF008E0286 /* Debug */,
				D47E41BE26FDB4BF008E0286 /* Release */,
			);
			defaultConfigurationIsVisible = 0;
			defaultConfigurationName = Release;
		};
		D47E41BF26FDB4BF008E0286 /* Build configuration list for PBXNativeTarget "Comics" */ = {
			isa = XCConfigurationList;
			buildConfigurations = (
				D47E41C026FDB4BF008E0286 /* Debug */,
				D47E41C126FDB4BF008E0286 /* Release */,
			);
			defaultConfigurationIsVisible = 0;
			defaultConfigurationName = Release;
		};
		D47E41C226FDB4BF008E0286 /* Build configuration list for PBXNativeTarget "ComicsTests" */ = {
			isa = XCConfigurationList;
			buildConfigurations = (
				D47E41C326FDB4BF008E0286 /* Debug */,
				D47E41C426FDB4BF008E0286 /* Release */,
			);
			defaultConfigurationIsVisible = 0;
			defaultConfigurationName = Release;
		};
		D47E41C526FDB4BF008E0286 /* Build configuration list for PBXNativeTarget "ComicsUITests" */ = {
			isa = XCConfigurationList;
			buildConfigurations = (
				D47E41C626FDB4BF008E0286 /* Debug */,
				D47E41C726FDB4BF008E0286 /* Release */,
			);
			defaultConfigurationIsVisible = 0;
			defaultConfigurationName = Release;
		};
/* End XCConfigurationList section */

/* Begin XCRemoteSwiftPackageReference section */
		D438ADD427F0E3B800D49726 /* XCRemoteSwiftPackageReference "firebase-ios-sdk" */ = {
			isa = XCRemoteSwiftPackageReference;
			repositoryURL = "https://github.com/firebase/firebase-ios-sdk";
			requirement = {
				kind = upToNextMajorVersion;
				minimumVersion = 8.0.0;
			};
		};
		D43F644F270785630084AF54 /* XCRemoteSwiftPackageReference "lottie-ios" */ = {
			isa = XCRemoteSwiftPackageReference;
			repositoryURL = "https://github.com/airbnb/lottie-ios.git";
			requirement = {
				kind = upToNextMajorVersion;
				minimumVersion = 3.0.0;
			};
		};
		D47E41D226FDDFEF008E0286 /* XCRemoteSwiftPackageReference "SDWebImageSwiftUI" */ = {
			isa = XCRemoteSwiftPackageReference;
			repositoryURL = "https://github.com/SDWebImage/SDWebImageSwiftUI";
			requirement = {
				kind = upToNextMajorVersion;
				minimumVersion = 2.0.0;
			};
		};
/* End XCRemoteSwiftPackageReference section */

/* Begin XCSwiftPackageProductDependency section */
		D438ADD527F0E3B800D49726 /* FirebaseAppDistribution-Beta */ = {
			isa = XCSwiftPackageProductDependency;
			package = D438ADD427F0E3B800D49726 /* XCRemoteSwiftPackageReference "firebase-ios-sdk" */;
			productName = "FirebaseAppDistribution-Beta";
		};
		D43F6450270785630084AF54 /* Lottie */ = {
			isa = XCSwiftPackageProductDependency;
			package = D43F644F270785630084AF54 /* XCRemoteSwiftPackageReference "lottie-ios" */;
			productName = Lottie;
		};
		D47E41D326FDDFEF008E0286 /* SDWebImageSwiftUI */ = {
			isa = XCSwiftPackageProductDependency;
			package = D47E41D226FDDFEF008E0286 /* XCRemoteSwiftPackageReference "SDWebImageSwiftUI" */;
			productName = SDWebImageSwiftUI;
		};
/* End XCSwiftPackageProductDependency section */
	};
	rootObject = D47E419326FDB4BD008E0286 /* Project object */;
}
